
Microsoft Visual Studio Solution File, Format Version 12.00
# Visual Studio Version 16
VisualStudioVersion = 16.0.30204.135
MinimumVisualStudioVersion = 10.0.40219.1
Project("{FAE04EC0-301F-11D3-BF4B-00C04F79EFBC}") = "Composite", "Composite.csproj", "{5E252B19-7B33-4038-B848-4C0EAB7A1433}"
EndProject
Global
	GlobalSection(SolutionConfigurationPlatforms) = preSolution
		Debug|Any CPU = Debug|Any CPU
		Release|Any CPU = Release|Any CPU
	EndGlobalSection
	GlobalSection(ProjectConfigurationPlatforms) = postSolution
		{5E252B19-7B33-4038-B848-4C0EAB7A1433}.Debug|Any CPU.ActiveCfg = Debug|Any CPU
		{5E252B19-7B33-4038-B848-4C0EAB7A1433}.Debug|Any CPU.Build.0 = Debug|Any CPU
		{5E252B19-7B33-4038-B848-4C0EAB7A1433}.Release|Any CPU.ActiveCfg = Release|Any CPU
		{5E252B19-7B33-4038-B848-4C0EAB7A1433}.Release|Any CPU.Build.0 = Release|Any CPU
	EndGlobalSection
	GlobalSection(SolutionProperties) = preSolution
		HideSolutionNode = FALSE
	EndGlobalSection
	GlobalSection(ExtensibilityGlobals) = postSolution
		SolutionGuid = {22FAA68A-98FC-4556-99D8-CF61CE272911}
	EndGlobalSection
EndGlobal
