
Microsoft Visual Studio Solution File, Format Version 12.00
# Visual Studio Version 16
VisualStudioVersion = 16.0.30204.135
MinimumVisualStudioVersion = 10.0.40219.1
Project("{FAE04EC0-301F-11D3-BF4B-00C04F79EFBC}") = "Decorator", "Decorator.csproj", "{0FA9A634-19F7-4451-AA69-A3140CC1595F}"
EndProject
Global
	GlobalSection(SolutionConfigurationPlatforms) = preSolution
		Debug|Any CPU = Debug|Any CPU
		Release|Any CPU = Release|Any CPU
	EndGlobalSection
	GlobalSection(ProjectConfigurationPlatforms) = postSolution
		{0FA9A634-19F7-4451-AA69-A3140CC1595F}.Debug|Any CPU.ActiveCfg = Debug|Any CPU
		{0FA9A634-19F7-4451-AA69-A3140CC1595F}.Debug|Any CPU.Build.0 = Debug|Any CPU
		{0FA9A634-19F7-4451-AA69-A3140CC1595F}.Release|Any CPU.ActiveCfg = Release|Any CPU
		{0FA9A634-19F7-4451-AA69-A3140CC1595F}.Release|Any CPU.Build.0 = Release|Any CPU
	EndGlobalSection
	GlobalSection(SolutionProperties) = preSolution
		HideSolutionNode = FALSE
	EndGlobalSection
	GlobalSection(ExtensibilityGlobals) = postSolution
		SolutionGuid = {BDF0E423-9CAD-47BD-80EA-C5A78023E6B4}
	EndGlobalSection
EndGlobal
